
Microsoft Visual Studio Solution File, Format Version 12.00
# Visual Studio Version 17
VisualStudioVersion = 17.9.34407.89
MinimumVisualStudioVersion = 10.0.40219.1
Project("{FAE04EC0-301F-11D3-BF4B-00C04F79EFBC}") = "TaskManager.WebUI", "TaskManager.WebUI\TaskManager.WebUI\TaskManager.WebUI.csproj", "{1E793D6E-063D-4F75-82E0-7AD44110E240}"
EndProject
Project("{FAE04EC0-301F-11D3-BF4B-00C04F79EFBC}") = "TaskManager.WebUI.Client", "TaskManager.WebUI\TaskManager.WebUI.Client\TaskManager.WebUI.Client.csproj", "{E59E7F5C-F997-4E23-B8A0-B654887E9A51}"
EndProject
Global
	GlobalSection(SolutionConfigurationPlatforms) = preSolution
		Debug|Any CPU = Debug|Any CPU
		Release|Any CPU = Release|Any CPU
	EndGlobalSection
	GlobalSection(ProjectConfigurationPlatforms) = postSolution
		{1E793D6E-063D-4F75-82E0-7AD44110E240}.Debug|Any CPU.ActiveCfg = Debug|Any CPU
		{1E793D6E-063D-4F75-82E0-7AD44110E240}.Debug|Any CPU.Build.0 = Debug|Any CPU
		{1E793D6E-063D-4F75-82E0-7AD44110E240}.Release|Any CPU.ActiveCfg = Release|Any CPU
		{1E793D6E-063D-4F75-82E0-7AD44110E240}.Release|Any CPU.Build.0 = Release|Any CPU
		{E59E7F5C-F997-4E23-B8A0-B654887E9A51}.Debug|Any CPU.ActiveCfg = Debug|Any CPU
		{E59E7F5C-F997-4E23-B8A0-B654887E9A51}.Debug|Any CPU.Build.0 = Debug|Any CPU
		{E59E7F5C-F997-4E23-B8A0-B654887E9A51}.Release|Any CPU.ActiveCfg = Release|Any CPU
		{E59E7F5C-F997-4E23-B8A0-B654887E9A51}.Release|Any CPU.Build.0 = Release|Any CPU
	EndGlobalSection
	GlobalSection(SolutionProperties) = preSolution
		HideSolutionNode = FALSE
	EndGlobalSection
	GlobalSection(ExtensibilityGlobals) = postSolution
		SolutionGuid = {8233CE94-80C8-4076-9148-CB67FAADC519}
	EndGlobalSection
EndGlobal
